
Microsoft Visual Studio Solution File, Format Version 12.00
# Visual Studio Version 16
VisualStudioVersion = 16.0.29911.84
MinimumVisualStudioVersion = 10.0.40219.1
Project("{9A19103F-16F7-4668-BE54-9A1E7A4F7556}") = "PdfSharpCore", "PdfSharpCore\PdfSharpCore.csproj", "{4005DEBC-75F8-48DA-BBCC-353E17872B3E}"
EndProject
Project("{9A19103F-16F7-4668-BE54-9A1E7A4F7556}") = "PdfSharpCore.Charting", "PdfSharpCore.Charting\PdfSharpCore.Charting.csproj", "{F29A5C30-44F9-4BED-8805-21889418DA94}"
EndProject
Project("{9A19103F-16F7-4668-BE54-9A1E7A4F7556}") = "MigraDocCore.DocumentObjectModel", "MigraDocCore.DocumentObjectModel\MigraDocCore.DocumentObjectModel.csproj", "{BB848A5B-07EB-4DC1-A677-5F0EE9FCB68B}"
EndProject
Project("{9A19103F-16F7-4668-BE54-9A1E7A4F7556}") = "MigraDocCore.Rendering", "MigraDocCore.Rendering\MigraDocCore.Rendering.csproj", "{4904F1BB-A236-45AC-BE30-85A0A5218630}"
EndProject
Project("{2150E333-8FDC-42A3-9474-1A3956D46DE8}") = "Solution Items", "Solution Items", "{13A662F4-8E9E-4C4E-A2F8-D56EF31E420B}"
	ProjectSection(SolutionItems) = preProject
		README.md = README.md
	EndProjectSection
EndProject
Project("{9A19103F-16F7-4668-BE54-9A1E7A4F7556}") = "PdfSharpCore.Test", "PdfSharpCore.Test\PdfSharpCore.Test.csproj", "{A862C0CE-C095-459C-A32B-8FCDD15A93BF}"
EndProject
Project("{9A19103F-16F7-4668-BE54-9A1E7A4F7556}") = "SampleApp", "SampleApp\SampleApp.csproj", "{E2F17280-6C54-4711-AF1C-3286D2C45526}"
EndProject
Global
	GlobalSection(SolutionConfigurationPlatforms) = preSolution
		Debug|Any CPU = Debug|Any CPU
		Release|Any CPU = Release|Any CPU
	EndGlobalSection
	GlobalSection(ProjectConfigurationPlatforms) = postSolution
		{4005DEBC-75F8-48DA-BBCC-353E17872B3E}.Debug|Any CPU.ActiveCfg = Debug|Any CPU
		{4005DEBC-75F8-48DA-BBCC-353E17872B3E}.Debug|Any CPU.Build.0 = Debug|Any CPU
		{4005DEBC-75F8-48DA-BBCC-353E17872B3E}.Release|Any CPU.ActiveCfg = Release|Any CPU
		{4005DEBC-75F8-48DA-BBCC-353E17872B3E}.Release|Any CPU.Build.0 = Release|Any CPU
		{F29A5C30-44F9-4BED-8805-21889418DA94}.Debug|Any CPU.ActiveCfg = Debug|Any CPU
		{F29A5C30-44F9-4BED-8805-21889418DA94}.Debug|Any CPU.Build.0 = Debug|Any CPU
		{F29A5C30-44F9-4BED-8805-21889418DA94}.Release|Any CPU.ActiveCfg = Release|Any CPU
		{F29A5C30-44F9-4BED-8805-21889418DA94}.Release|Any CPU.Build.0 = Release|Any CPU
		{BB848A5B-07EB-4DC1-A677-5F0EE9FCB68B}.Debug|Any CPU.ActiveCfg = Debug|Any CPU
		{BB848A5B-07EB-4DC1-A677-5F0EE9FCB68B}.Debug|Any CPU.Build.0 = Debug|Any CPU
		{BB848A5B-07EB-4DC1-A677-5F0EE9FCB68B}.Release|Any CPU.ActiveCfg = Release|Any CPU
		{BB848A5B-07EB-4DC1-A677-5F0EE9FCB68B}.Release|Any CPU.Build.0 = Release|Any CPU
		{4904F1BB-A236-45AC-BE30-85A0A5218630}.Debug|Any CPU.ActiveCfg = Debug|Any CPU
		{4904F1BB-A236-45AC-BE30-85A0A5218630}.Debug|Any CPU.Build.0 = Debug|Any CPU
		{4904F1BB-A236-45AC-BE30-85A0A5218630}.Release|Any CPU.ActiveCfg = Release|Any CPU
		{4904F1BB-A236-45AC-BE30-85A0A5218630}.Release|Any CPU.Build.0 = Release|Any CPU
		{A862C0CE-C095-459C-A32B-8FCDD15A93BF}.Debug|Any CPU.ActiveCfg = Debug|Any CPU
		{A862C0CE-C095-459C-A32B-8FCDD15A93BF}.Debug|Any CPU.Build.0 = Debug|Any CPU
		{A862C0CE-C095-459C-A32B-8FCDD15A93BF}.Release|Any CPU.ActiveCfg = Release|Any CPU
		{A862C0CE-C095-459C-A32B-8FCDD15A93BF}.Release|Any CPU.Build.0 = Release|Any CPU
		{E2F17280-6C54-4711-AF1C-3286D2C45526}.Debug|Any CPU.ActiveCfg = Debug|Any CPU
		{E2F17280-6C54-4711-AF1C-3286D2C45526}.Debug|Any CPU.Build.0 = Debug|Any CPU
		{E2F17280-6C54-4711-AF1C-3286D2C45526}.Release|Any CPU.ActiveCfg = Release|Any CPU
		{E2F17280-6C54-4711-AF1C-3286D2C45526}.Release|Any CPU.Build.0 = Release|Any CPU
	EndGlobalSection
	GlobalSection(SolutionProperties) = preSolution
		HideSolutionNode = FALSE
	EndGlobalSection
	GlobalSection(ExtensibilityGlobals) = postSolution
		SolutionGuid = {818DFF49-8C61-42A6-97E8-BD450B57F459}
	EndGlobalSection
EndGlobal
