{
  "version": 2,
  "dependencies": {
    ".NETStandard,Version=v2.0": {
      "NETStandard.Library": {
        "type": "Direct",
        "requested": "[2.0.3, )",
        "resolved": "2.0.3",
        "contentHash": "st47PosZSHrjECdjeIzZQbzivYBJFv6P2nv4cj2ypdI204DO+vZ7l5raGMiX4eXMJ53RfOIg+/s4DHVZ54Nu2A==",
        "dependencies": {
          "Microsoft.NETCore.Platforms": "1.1.0"
        }
      },
      "SharpZipLib": {
        "type": "Direct",
        "requested": "[1.4.2, )",
        "resolved": "1.4.2",
        "contentHash": "yjj+3zgz8zgXpiiC3ZdF/iyTBbz2fFvMxZFEBPUcwZjIvXOf37Ylm+K58hqMfIBt5JgU/Z2uoUS67JmTLe973A==",
        "dependencies": {
          "System.Memory": "4.5.4",
          "System.Threading.Tasks.Extensions": "4.5.2"
        }
      },
      "SixLabors.Fonts": {
        "type": "Direct",
        "requested": "[1.0.1, )",
        "resolved": "1.0.1",
        "contentHash": "ljezRHWc7N0azdQViib7Aa5v+DagRVkKI2/93kEbtjVczLs+yTkSq6gtGmvOcx4IqyNbO3GjLt7SAQTpLkySNw==",
        "dependencies": {
          "System.Memory": "4.5.5",
          "System.Runtime.CompilerServices.Unsafe": "4.7.0"
        }
      },
      "SixLabors.ImageSharp": {
        "type": "Direct",
        "requested": "[2.1.9, )",
        "resolved": "2.1.9",
        "contentHash": "VcjfKbOExie3RgZGrQL1jJMI4iZ3J9B6ifDo2QpDVJUYhTZKVcKnBhpNOHqbvNjHgadAks1jzhRjB7OZet1PJA==",
        "dependencies": {
          "System.Buffers": "4.5.1",
          "System.Memory": "4.5.4",
          "System.Numerics.Vectors": "4.5.0",
          "System.Runtime.CompilerServices.Unsafe": "5.0.0",
          "System.Text.Encoding.CodePages": "5.0.0"
        }
      },
      "Microsoft.NETCore.Platforms": {
        "type": "Transitive",
        "resolved": "1.1.0",
        "contentHash": "kz0PEW2lhqygehI/d6XsPCQzD7ff7gUJaVGPVETX611eadGsA3A877GdSlU0LRVMCTH/+P3o2iDTak+S08V2+A=="
      },
      "System.Buffers": {
        "type": "Transitive",
        "resolved": "4.5.1",
        "contentHash": "Rw7ijyl1qqRS0YQD/WycNst8hUUMgrMH4FCn1nNm27M4VxchZ1js3fVjQaANHO5f3sN4isvP4a+Met9Y4YomAg=="
      },
      "System.Memory": {
        "type": "Transitive",
        "resolved": "4.5.5",
        "contentHash": "XIWiDvKPXaTveaB7HVganDlOCRoj03l+jrwNvcge/t8vhGYKvqV+dMv6G4SAX2NoNmN0wZfVPTAlFwZcZvVOUw==",
        "dependencies": {
          "System.Buffers": "4.5.1",
          "System.Numerics.Vectors": "4.4.0",
          "System.Runtime.CompilerServices.Unsafe": "4.5.3"
        }
      },
      "System.Numerics.Vectors": {
        "type": "Transitive",
        "resolved": "4.5.0",
        "contentHash": "QQTlPTl06J/iiDbJCiepZ4H//BVraReU4O4EoRw1U02H5TLUIT7xn3GnDp9AXPSlJUDyFs4uWjWafNX6WrAojQ=="
      },
      "System.Runtime.CompilerServices.Unsafe": {
        "type": "Transitive",
        "resolved": "5.0.0",
        "contentHash": "ZD9TMpsmYJLrxbbmdvhwt9YEgG5WntEnZ/d1eH8JBX9LBp+Ju8BSBhUGbZMNVHHomWo2KVImJhTDl2hIgw/6MA=="
      },
      "System.Text.Encoding.CodePages": {
        "type": "Transitive",
        "resolved": "5.0.0",
        "contentHash": "NyscU59xX6Uo91qvhOs2Ccho3AR2TnZPomo1Z0K6YpyztBPM/A5VbkzOO19sy3A3i1TtEnTxA7bCe3Us+r5MWg==",
        "dependencies": {
          "System.Runtime.CompilerServices.Unsafe": "5.0.0"
        }
      },
      "System.Threading.Tasks.Extensions": {
        "type": "Transitive",
        "resolved": "4.5.2",
        "contentHash": "BG/TNxDFv0svAzx8OiMXDlsHfGw623BZ8tCXw4YLhDFDvDhNUEV58jKYMGRnkbJNm7c3JNNJDiN7JBMzxRBR2w==",
        "dependencies": {
          "System.Runtime.CompilerServices.Unsafe": "4.5.2"
        }
      }
    },
    "net6.0": {
      "Microsoft.NET.ILLink.Analyzers": {
        "type": "Direct",
        "requested": "[7.0.100-1.23211.1, )",
        "resolved": "7.0.100-1.23211.1",
        "contentHash": "0GvbEgDGcUQA9KuWcQU1WwYHXt1tBzNr1Nls/M57rM7NA/AndFwCaCEoJpJkmxRY7xLlPDBnmGp8h5+FNqUngg=="
      },
      "Microsoft.NET.ILLink.Tasks": {
        "type": "Direct",
        "requested": "[7.0.100-1.23211.1, )",
        "resolved": "7.0.100-1.23211.1",
        "contentHash": "tvG8XZYLjT0o3WicCyKBZysVWo1jC9HdCFmNRmddx3WbAz0UCsd0qKZqpiEo99VLA8Re+FzWK51OcRldQPbt2Q=="
      },
      "SharpZipLib": {
        "type": "Direct",
        "requested": "[1.4.2, )",
        "resolved": "1.4.2",
        "contentHash": "yjj+3zgz8zgXpiiC3ZdF/iyTBbz2fFvMxZFEBPUcwZjIvXOf37Ylm+K58hqMfIBt5JgU/Z2uoUS67JmTLe973A=="
      },
      "SixLabors.Fonts": {
        "type": "Direct",
        "requested": "[1.0.1, )",
        "resolved": "1.0.1",
        "contentHash": "ljezRHWc7N0azdQViib7Aa5v+DagRVkKI2/93kEbtjVczLs+yTkSq6gtGmvOcx4IqyNbO3GjLt7SAQTpLkySNw=="
      },
      "SixLabors.ImageSharp": {
        "type": "Direct",
        "requested": "[2.1.9, )",
        "resolved": "2.1.9",
        "contentHash": "VcjfKbOExie3RgZGrQL1jJMI4iZ3J9B6ifDo2QpDVJUYhTZKVcKnBhpNOHqbvNjHgadAks1jzhRjB7OZet1PJA==",
        "dependencies": {
          "System.Runtime.CompilerServices.Unsafe": "5.0.0",
          "System.Text.Encoding.CodePages": "5.0.0"
        }
      },
      "Microsoft.NETCore.Platforms": {
        "type": "Transitive",
        "resolved": "5.0.0",
        "contentHash": "VyPlqzH2wavqquTcYpkIIAQ6WdenuKoFN0BdYBbCWsclXacSOHNQn66Gt4z5NBqEYW0FAPm5rlvki9ZiCij5xQ=="
      },
      "System.Runtime.CompilerServices.Unsafe": {
        "type": "Transitive",
        "resolved": "5.0.0",
        "contentHash": "ZD9TMpsmYJLrxbbmdvhwt9YEgG5WntEnZ/d1eH8JBX9LBp+Ju8BSBhUGbZMNVHHomWo2KVImJhTDl2hIgw/6MA=="
      },
      "System.Text.Encoding.CodePages": {
        "type": "Transitive",
        "resolved": "5.0.0",
        "contentHash": "NyscU59xX6Uo91qvhOs2Ccho3AR2TnZPomo1Z0K6YpyztBPM/A5VbkzOO19sy3A3i1TtEnTxA7bCe3Us+r5MWg==",
        "dependencies": {
          "Microsoft.NETCore.Platforms": "5.0.0"
        }
      }
    },
    "net8.0": {
      "Microsoft.NET.ILLink.Tasks": {
        "type": "Direct",
        "requested": "[8.0.11, )",
        "resolved": "8.0.11",
        "contentHash": "zk5lnZrYJgtuJG8L4v17Ej8rZ3PUcR2iweNV08BaO5LbYHIi2wNaVNcJoLxvqgQdnjLlKnCCfVGLDr6QHeAarQ=="
      },
      "SharpZipLib": {
        "type": "Direct",
        "requested": "[1.4.2, )",
        "resolved": "1.4.2",
        "contentHash": "yjj+3zgz8zgXpiiC3ZdF/iyTBbz2fFvMxZFEBPUcwZjIvXOf37Ylm+K58hqMfIBt5JgU/Z2uoUS67JmTLe973A=="
      },
      "SixLabors.Fonts": {
        "type": "Direct",
        "requested": "[1.0.1, )",
        "resolved": "1.0.1",
        "contentHash": "ljezRHWc7N0azdQViib7Aa5v+DagRVkKI2/93kEbtjVczLs+yTkSq6gtGmvOcx4IqyNbO3GjLt7SAQTpLkySNw=="
      },
      "SixLabors.ImageSharp": {
        "type": "Direct",
        "requested": "[2.1.9, )",
        "resolved": "2.1.9",
        "contentHash": "VcjfKbOExie3RgZGrQL1jJMI4iZ3J9B6ifDo2QpDVJUYhTZKVcKnBhpNOHqbvNjHgadAks1jzhRjB7OZet1PJA==",
        "dependencies": {
          "System.Runtime.CompilerServices.Unsafe": "5.0.0",
          "System.Text.Encoding.CodePages": "5.0.0"
        }
      },
      "Microsoft.NETCore.Platforms": {
        "type": "Transitive",
        "resolved": "5.0.0",
        "contentHash": "VyPlqzH2wavqquTcYpkIIAQ6WdenuKoFN0BdYBbCWsclXacSOHNQn66Gt4z5NBqEYW0FAPm5rlvki9ZiCij5xQ=="
      },
      "System.Runtime.CompilerServices.Unsafe": {
        "type": "Transitive",
        "resolved": "5.0.0",
        "contentHash": "ZD9TMpsmYJLrxbbmdvhwt9YEgG5WntEnZ/d1eH8JBX9LBp+Ju8BSBhUGbZMNVHHomWo2KVImJhTDl2hIgw/6MA=="
      },
      "System.Text.Encoding.CodePages": {
        "type": "Transitive",
        "resolved": "5.0.0",
        "contentHash": "NyscU59xX6Uo91qvhOs2Ccho3AR2TnZPomo1Z0K6YpyztBPM/A5VbkzOO19sy3A3i1TtEnTxA7bCe3Us+r5MWg==",
        "dependencies": {
          "Microsoft.NETCore.Platforms": "5.0.0"
        }
      }
    },
    "net9.0": {
      "Microsoft.NET.ILLink.Tasks": {
        "type": "Direct",
        "requested": "[9.0.0, )",
        "resolved": "9.0.0",
        "contentHash": "zAwp213evC3UkimtVXRb+Dlgc/40QG145nmZDtp2LO9zJJMfrp+i/87BnXN7tRXEA4liyzdFkjqG1HE8/RPb4A=="
      },
      "SharpZipLib": {
        "type": "Direct",
        "requested": "[1.4.2, )",
        "resolved": "1.4.2",
        "contentHash": "yjj+3zgz8zgXpiiC3ZdF/iyTBbz2fFvMxZFEBPUcwZjIvXOf37Ylm+K58hqMfIBt5JgU/Z2uoUS67JmTLe973A=="
      },
      "SixLabors.Fonts": {
        "type": "Direct",
        "requested": "[1.0.1, )",
        "resolved": "1.0.1",
        "contentHash": "ljezRHWc7N0azdQViib7Aa5v+DagRVkKI2/93kEbtjVczLs+yTkSq6gtGmvOcx4IqyNbO3GjLt7SAQTpLkySNw=="
      },
      "SixLabors.ImageSharp": {
        "type": "Direct",
        "requested": "[2.1.9, )",
        "resolved": "2.1.9",
        "contentHash": "VcjfKbOExie3RgZGrQL1jJMI4iZ3J9B6ifDo2QpDVJUYhTZKVcKnBhpNOHqbvNjHgadAks1jzhRjB7OZet1PJA==",
        "dependencies": {
          "System.Runtime.CompilerServices.Unsafe": "5.0.0",
          "System.Text.Encoding.CodePages": "5.0.0"
        }
      },
      "Microsoft.NETCore.Platforms": {
        "type": "Transitive",
        "resolved": "5.0.0",
        "contentHash": "VyPlqzH2wavqquTcYpkIIAQ6WdenuKoFN0BdYBbCWsclXacSOHNQn66Gt4z5NBqEYW0FAPm5rlvki9ZiCij5xQ=="
      },
      "System.Runtime.CompilerServices.Unsafe": {
        "type": "Transitive",
        "resolved": "5.0.0",
        "contentHash": "ZD9TMpsmYJLrxbbmdvhwt9YEgG5WntEnZ/d1eH8JBX9LBp+Ju8BSBhUGbZMNVHHomWo2KVImJhTDl2hIgw/6MA=="
      },
      "System.Text.Encoding.CodePages": {
        "type": "Transitive",
        "resolved": "5.0.0",
        "contentHash": "NyscU59xX6Uo91qvhOs2Ccho3AR2TnZPomo1Z0K6YpyztBPM/A5VbkzOO19sy3A3i1TtEnTxA7bCe3Us+r5MWg==",
        "dependencies": {
          "Microsoft.NETCore.Platforms": "5.0.0"
        }
      }
    }
  }
}